
Microsoft Visual Studio Solution File, Format Version 12.00
# Visual Studio Version 16
VisualStudioVersion = 16.0.30621.155
MinimumVisualStudioVersion = 10.0.40219.1
Project("{FAE04EC0-301F-11D3-BF4B-00C04F79EFBC}") = "Zad5", "Zad5\Zad5.csproj", "{CE6B622A-32B0-48C1-A10A-F60EBBD45B7E}"
EndProject
Global
	GlobalSection(SolutionConfigurationPlatforms) = preSolution
		Debug|Any CPU = Debug|Any CPU
		Release|Any CPU = Release|Any CPU
	EndGlobalSection
	GlobalSection(ProjectConfigurationPlatforms) = postSolution
		{CE6B622A-32B0-48C1-A10A-F60EBBD45B7E}.Debug|Any CPU.ActiveCfg = Debug|Any CPU
		{CE6B622A-32B0-48C1-A10A-F60EBBD45B7E}.Debug|Any CPU.Build.0 = Debug|Any CPU
		{CE6B622A-32B0-48C1-A10A-F60EBBD45B7E}.Release|Any CPU.ActiveCfg = Release|Any CPU
		{CE6B622A-32B0-48C1-A10A-F60EBBD45B7E}.Release|Any CPU.Build.0 = Release|Any CPU
	EndGlobalSection
	GlobalSection(SolutionProperties) = preSolution
		HideSolutionNode = FALSE
	EndGlobalSection
	GlobalSection(ExtensibilityGlobals) = postSolution
		SolutionGuid = {8FF98DD3-690E-49A8-9C82-3B1E621337DB}
	EndGlobalSection
EndGlobal
