
Microsoft Visual Studio Solution File, Format Version 12.00
# Visual Studio Version 16
VisualStudioVersion = 16.0.31205.134
MinimumVisualStudioVersion = 10.0.40219.1
Project("{FAE04EC0-301F-11D3-BF4B-00C04F79EFBC}") = "Projekt", "Projekt\Projekt.csproj", "{C4C2B5AB-CE5A-4B32-8093-3C12D2A70271}"
EndProject
Global
	GlobalSection(SolutionConfigurationPlatforms) = preSolution
		Debug|Any CPU = Debug|Any CPU
		Release|Any CPU = Release|Any CPU
	EndGlobalSection
	GlobalSection(ProjectConfigurationPlatforms) = postSolution
		{C4C2B5AB-CE5A-4B32-8093-3C12D2A70271}.Debug|Any CPU.ActiveCfg = Debug|Any CPU
		{C4C2B5AB-CE5A-4B32-8093-3C12D2A70271}.Debug|Any CPU.Build.0 = Debug|Any CPU
		{C4C2B5AB-CE5A-4B32-8093-3C12D2A70271}.Release|Any CPU.ActiveCfg = Release|Any CPU
		{C4C2B5AB-CE5A-4B32-8093-3C12D2A70271}.Release|Any CPU.Build.0 = Release|Any CPU
	EndGlobalSection
	GlobalSection(SolutionProperties) = preSolution
		HideSolutionNode = FALSE
	EndGlobalSection
	GlobalSection(ExtensibilityGlobals) = postSolution
		SolutionGuid = {F2197BA4-7E06-4E27-934E-270568B4C279}
	EndGlobalSection
EndGlobal
