
Microsoft Visual Studio Solution File, Format Version 12.00
# Visual Studio Version 16
VisualStudioVersion = 16.0.30804.86
MinimumVisualStudioVersion = 10.0.40219.1
Project("{FAE04EC0-301F-11D3-BF4B-00C04F79EFBC}") = "Zad5", "Zad5\Zad5.csproj", "{B685C4D6-87C6-4DDF-B467-E0ADE711191E}"
EndProject
Global
	GlobalSection(SolutionConfigurationPlatforms) = preSolution
		Debug|Any CPU = Debug|Any CPU
		Release|Any CPU = Release|Any CPU
	EndGlobalSection
	GlobalSection(ProjectConfigurationPlatforms) = postSolution
		{B685C4D6-87C6-4DDF-B467-E0ADE711191E}.Debug|Any CPU.ActiveCfg = Debug|Any CPU
		{B685C4D6-87C6-4DDF-B467-E0ADE711191E}.Debug|Any CPU.Build.0 = Debug|Any CPU
		{B685C4D6-87C6-4DDF-B467-E0ADE711191E}.Release|Any CPU.ActiveCfg = Release|Any CPU
		{B685C4D6-87C6-4DDF-B467-E0ADE711191E}.Release|Any CPU.Build.0 = Release|Any CPU
	EndGlobalSection
	GlobalSection(SolutionProperties) = preSolution
		HideSolutionNode = FALSE
	EndGlobalSection
	GlobalSection(ExtensibilityGlobals) = postSolution
		SolutionGuid = {C241769B-CD50-43DB-8014-BBD288AB174A}
	EndGlobalSection
EndGlobal
